{
  "name": "21",
  "lockfileVersion": 2,
  "requires": true,
  "packages": {
    "": {
      "dependencies": {
        "algebra.js": "^0.2.6"
      }
    },
    "node_modules/algebra.js": {
      "version": "0.2.6",
      "resolved": "https://registry.npmjs.org/algebra.js/-/algebra.js-0.2.6.tgz",
      "integrity": "sha512-ogfp7ukWOqIgBGERLLhArKhPORnmvn1t0pXvPvtfe15qlDV9BaDwCArHh5RyoEj2GHUqYeCWfBzQ7oZRqQxKDw=="
    }
  },
  "dependencies": {
    "algebra.js": {
      "version": "0.2.6",
      "resolved": "https://registry.npmjs.org/algebra.js/-/algebra.js-0.2.6.tgz",
      "integrity": "sha512-ogfp7ukWOqIgBGERLLhArKhPORnmvn1t0pXvPvtfe15qlDV9BaDwCArHh5RyoEj2GHUqYeCWfBzQ7oZRqQxKDw=="
    }
  }
}
